
Microsoft Visual Studio Solution File, Format Version 12.00
# Visual Studio Version 17
VisualStudioVersion = 17.0.32112.339
MinimumVisualStudioVersion = 10.0.40219.1
Project("{FAE04EC0-301F-11D3-BF4B-00C04F79EFBC}") = "Dinning Philosophers", "Dinning Philosophers\Dinning Philosophers.csproj", "{A01F508C-A503-4199-832F-39FE3D477AEB}"
EndProject
Global
	GlobalSection(SolutionConfigurationPlatforms) = preSolution
		Debug|Any CPU = Debug|Any CPU
		Release|Any CPU = Release|Any CPU
	EndGlobalSection
	GlobalSection(ProjectConfigurationPlatforms) = postSolution
		{A01F508C-A503-4199-832F-39FE3D477AEB}.Debug|Any CPU.ActiveCfg = Debug|Any CPU
		{A01F508C-A503-4199-832F-39FE3D477AEB}.Debug|Any CPU.Build.0 = Debug|Any CPU
		{A01F508C-A503-4199-832F-39FE3D477AEB}.Release|Any CPU.ActiveCfg = Release|Any CPU
		{A01F508C-A503-4199-832F-39FE3D477AEB}.Release|Any CPU.Build.0 = Release|Any CPU
	EndGlobalSection
	GlobalSection(SolutionProperties) = preSolution
		HideSolutionNode = FALSE
	EndGlobalSection
	GlobalSection(ExtensibilityGlobals) = postSolution
		SolutionGuid = {638023ED-A85F-4678-9EB1-F93B7307141A}
	EndGlobalSection
EndGlobal
